
Microsoft Visual Studio Solution File, Format Version 12.00
# Visual Studio Version 17
VisualStudioVersion = 17.10.34928.147
MinimumVisualStudioVersion = 10.0.40219.1
Project("{FAE04EC0-301F-11D3-BF4B-00C04F79EFBC}") = "DatingApp2.0", "DatingApp2.0.csproj", "{102739A5-2497-4DD8-BA10-9D2A5ED8FCB3}"
EndProject
Global
	GlobalSection(SolutionConfigurationPlatforms) = preSolution
		Debug|Any CPU = Debug|Any CPU
		Release|Any CPU = Release|Any CPU
	EndGlobalSection
	GlobalSection(ProjectConfigurationPlatforms) = postSolution
		{102739A5-2497-4DD8-BA10-9D2A5ED8FCB3}.Debug|Any CPU.ActiveCfg = Debug|Any CPU
		{102739A5-2497-4DD8-BA10-9D2A5ED8FCB3}.Debug|Any CPU.Build.0 = Debug|Any CPU
		{102739A5-2497-4DD8-BA10-9D2A5ED8FCB3}.Release|Any CPU.ActiveCfg = Release|Any CPU
		{102739A5-2497-4DD8-BA10-9D2A5ED8FCB3}.Release|Any CPU.Build.0 = Release|Any CPU
	EndGlobalSection
	GlobalSection(SolutionProperties) = preSolution
		HideSolutionNode = FALSE
	EndGlobalSection
	GlobalSection(ExtensibilityGlobals) = postSolution
		SolutionGuid = {E5738500-BB8A-4D28-B867-BAD6691F521F}
	EndGlobalSection
EndGlobal
